
Microsoft Visual Studio Solution File, Format Version 12.00
# Visual Studio 14
VisualStudioVersion = 14.0.25420.1
MinimumVisualStudioVersion = 10.0.40219.1
Project("{FAE04EC0-301F-11D3-BF4B-00C04F79EFBC}") = "MedicalDistributionSystem", "MedicalDistributionSystem\MedicalDistributionSystem.csproj", "{5402D389-218B-49B5-9051-0AAE1F65373D}"
EndProject
Project("{FAE04EC0-301F-11D3-BF4B-00C04F79EFBC}") = "MedicalDistributionSystem.Domain", "MedicalDistributionSystem.Domain\MedicalDistributionSystem.Domain.csproj", "{B681E7EB-DF36-4D55-BCDF-DFF55CA1ABCE}"
EndProject
Project("{FAE04EC0-301F-11D3-BF4B-00C04F79EFBC}") = "MedicalDistributionSystem.Data", "MedicalDistributionSystem.Data\MedicalDistributionSystem.Data.csproj", "{97B3C5E2-CD46-4CE6-8ADE-5AB9554BA695}"
EndProject
Project("{FAE04EC0-301F-11D3-BF4B-00C04F79EFBC}") = "MedicalDistributionSystem.DataTests", "MedicalDistributionSystem.DataTests\MedicalDistributionSystem.DataTests.csproj", "{7CDA22C3-6591-4259-9068-854F5F31009B}"
EndProject
Project("{FAE04EC0-301F-11D3-BF4B-00C04F79EFBC}") = "MedicalDistributionSystem.ConsoleApp", "MedicalDistributionSystem.ConsoleApp\MedicalDistributionSystem.ConsoleApp.csproj", "{CDA600BB-9BD6-4B13-AF21-89E648038D59}"
EndProject
Global
	GlobalSection(SolutionConfigurationPlatforms) = preSolution
		Debug|Any CPU = Debug|Any CPU
		Release|Any CPU = Release|Any CPU
	EndGlobalSection
	GlobalSection(ProjectConfigurationPlatforms) = postSolution
		{5402D389-218B-49B5-9051-0AAE1F65373D}.Debug|Any CPU.ActiveCfg = Debug|Any CPU
		{5402D389-218B-49B5-9051-0AAE1F65373D}.Debug|Any CPU.Build.0 = Debug|Any CPU
		{5402D389-218B-49B5-9051-0AAE1F65373D}.Release|Any CPU.ActiveCfg = Release|Any CPU
		{5402D389-218B-49B5-9051-0AAE1F65373D}.Release|Any CPU.Build.0 = Release|Any CPU
		{B681E7EB-DF36-4D55-BCDF-DFF55CA1ABCE}.Debug|Any CPU.ActiveCfg = Debug|Any CPU
		{B681E7EB-DF36-4D55-BCDF-DFF55CA1ABCE}.Debug|Any CPU.Build.0 = Debug|Any CPU
		{B681E7EB-DF36-4D55-BCDF-DFF55CA1ABCE}.Release|Any CPU.ActiveCfg = Release|Any CPU
		{B681E7EB-DF36-4D55-BCDF-DFF55CA1ABCE}.Release|Any CPU.Build.0 = Release|Any CPU
		{97B3C5E2-CD46-4CE6-8ADE-5AB9554BA695}.Debug|Any CPU.ActiveCfg = Debug|Any CPU
		{97B3C5E2-CD46-4CE6-8ADE-5AB9554BA695}.Debug|Any CPU.Build.0 = Debug|Any CPU
		{97B3C5E2-CD46-4CE6-8ADE-5AB9554BA695}.Release|Any CPU.ActiveCfg = Release|Any CPU
		{97B3C5E2-CD46-4CE6-8ADE-5AB9554BA695}.Release|Any CPU.Build.0 = Release|Any CPU
		{7CDA22C3-6591-4259-9068-854F5F31009B}.Debug|Any CPU.ActiveCfg = Debug|Any CPU
		{7CDA22C3-6591-4259-9068-854F5F31009B}.Debug|Any CPU.Build.0 = Debug|Any CPU
		{7CDA22C3-6591-4259-9068-854F5F31009B}.Release|Any CPU.ActiveCfg = Release|Any CPU
		{7CDA22C3-6591-4259-9068-854F5F31009B}.Release|Any CPU.Build.0 = Release|Any CPU
		{CDA600BB-9BD6-4B13-AF21-89E648038D59}.Debug|Any CPU.ActiveCfg = Debug|Any CPU
		{CDA600BB-9BD6-4B13-AF21-89E648038D59}.Debug|Any CPU.Build.0 = Debug|Any CPU
		{CDA600BB-9BD6-4B13-AF21-89E648038D59}.Release|Any CPU.ActiveCfg = Release|Any CPU
		{CDA600BB-9BD6-4B13-AF21-89E648038D59}.Release|Any CPU.Build.0 = Release|Any CPU
	EndGlobalSection
	GlobalSection(SolutionProperties) = preSolution
		HideSolutionNode = FALSE
	EndGlobalSection
EndGlobal
